
Microsoft Visual Studio Solution File, Format Version 12.00
# Visual Studio Version 17
VisualStudioVersion = 17.0.31903.59
MinimumVisualStudioVersion = 10.0.40219.1
Project("{FAE04EC0-301F-11D3-BF4B-00C04F79EFBC}") = "DotNetJq", "src\DotNetJq\DotNetJq.csproj", "{93D3B5E6-B7B2-47DC-9195-A9C5E7DB0AB2}"
EndProject
Project("{FAE04EC0-301F-11D3-BF4B-00C04F79EFBC}") = "DotNetJq.GlibcCompat", "src\DotNetJq.GlibcCompat\DotNetJq.GlibcCompat.csproj", "{5B60E8A1-5148-4D66-90B2-7FCF75C27A2E}"
EndProject
Project("{FAE04EC0-301F-11D3-BF4B-00C04F79EFBC}") = "DotNetJq.Cli", "src\DotNetJq.Cli\DotNetJq.Cli.csproj", "{A6E68599-D8EC-4DB8-B112-B238DC0791D8}"
EndProject
Project("{FAE04EC0-301F-11D3-BF4B-00C04F79EFBC}") = "DotNetJq.Tests", "tests\DotNetJq.Tests\DotNetJq.Tests.csproj", "{103EC9A9-D8AD-4D9B-9E2C-36D5770D2BA3}"
EndProject
Project("{FAE04EC0-301F-11D3-BF4B-00C04F79EFBC}") = "DotNetJq.Cli.Tests", "tests\DotNetJq.Cli.Tests\DotNetJq.Cli.Tests.csproj", "{9B64C7D0-80DF-42B9-A48E-94EF19423704}"
EndProject
Project("{FAE04EC0-301F-11D3-BF4B-00C04F79EFBC}") = "DotNetJq.CompatibilityRunner", "tools\DotNetJq.CompatibilityRunner\DotNetJq.CompatibilityRunner.csproj", "{83C5BB52-130F-4EAF-B7C9-0406FE032623}"
EndProject
Project("{2150E333-8FDC-42A3-9474-1A3956D46DE8}") = "tools", "tools", "{07C2787E-EAC7-C090-1BA3-A61EC2A24D84}"
EndProject
Project("{FAE04EC0-301F-11D3-BF4B-00C04F79EFBC}") = "DotNetJq.DifferentialProbe", "tools\DotNetJq.DifferentialProbe\DotNetJq.DifferentialProbe.csproj", "{2DC9570A-1DA4-4D77-BC0F-CED14B192160}"
EndProject
Project("{2150E333-8FDC-42A3-9474-1A3956D46DE8}") = "src", "src", "{827E0CD3-B72D-47B6-A68D-7590B98EB39B}"
EndProject
Project("{2150E333-8FDC-42A3-9474-1A3956D46DE8}") = "tests", "tests", "{0E451F77-74BF-4D11-968C-D7F7C19B2B3A}"
EndProject
Global
	GlobalSection(SolutionConfigurationPlatforms) = preSolution
		Debug|Any CPU = Debug|Any CPU
		Debug|x64 = Debug|x64
		Debug|x86 = Debug|x86
		Release|Any CPU = Release|Any CPU
		Release|x64 = Release|x64
		Release|x86 = Release|x86
	EndGlobalSection
	GlobalSection(ProjectConfigurationPlatforms) = postSolution
		{93D3B5E6-B7B2-47DC-9195-A9C5E7DB0AB2}.Debug|Any CPU.ActiveCfg = Debug|Any CPU
		{93D3B5E6-B7B2-47DC-9195-A9C5E7DB0AB2}.Debug|Any CPU.Build.0 = Debug|Any CPU
		{93D3B5E6-B7B2-47DC-9195-A9C5E7DB0AB2}.Debug|x64.ActiveCfg = Debug|Any CPU
		{93D3B5E6-B7B2-47DC-9195-A9C5E7DB0AB2}.Debug|x64.Build.0 = Debug|Any CPU
		{93D3B5E6-B7B2-47DC-9195-A9C5E7DB0AB2}.Debug|x86.ActiveCfg = Debug|Any CPU
		{93D3B5E6-B7B2-47DC-9195-A9C5E7DB0AB2}.Debug|x86.Build.0 = Debug|Any CPU
		{93D3B5E6-B7B2-47DC-9195-A9C5E7DB0AB2}.Release|Any CPU.ActiveCfg = Release|Any CPU
		{93D3B5E6-B7B2-47DC-9195-A9C5E7DB0AB2}.Release|Any CPU.Build.0 = Release|Any CPU
		{93D3B5E6-B7B2-47DC-9195-A9C5E7DB0AB2}.Release|x64.ActiveCfg = Release|Any CPU
		{93D3B5E6-B7B2-47DC-9195-A9C5E7DB0AB2}.Release|x64.Build.0 = Release|Any CPU
		{93D3B5E6-B7B2-47DC-9195-A9C5E7DB0AB2}.Release|x86.ActiveCfg = Release|Any CPU
		{93D3B5E6-B7B2-47DC-9195-A9C5E7DB0AB2}.Release|x86.Build.0 = Release|Any CPU
		{5B60E8A1-5148-4D66-90B2-7FCF75C27A2E}.Debug|Any CPU.ActiveCfg = Debug|Any CPU
		{5B60E8A1-5148-4D66-90B2-7FCF75C27A2E}.Debug|Any CPU.Build.0 = Debug|Any CPU
		{5B60E8A1-5148-4D66-90B2-7FCF75C27A2E}.Debug|x64.ActiveCfg = Debug|Any CPU
		{5B60E8A1-5148-4D66-90B2-7FCF75C27A2E}.Debug|x64.Build.0 = Debug|Any CPU
		{5B60E8A1-5148-4D66-90B2-7FCF75C27A2E}.Debug|x86.ActiveCfg = Debug|Any CPU
		{5B60E8A1-5148-4D66-90B2-7FCF75C27A2E}.Debug|x86.Build.0 = Debug|Any CPU
		{5B60E8A1-5148-4D66-90B2-7FCF75C27A2E}.Release|Any CPU.ActiveCfg = Release|Any CPU
		{5B60E8A1-5148-4D66-90B2-7FCF75C27A2E}.Release|Any CPU.Build.0 = Release|Any CPU
		{5B60E8A1-5148-4D66-90B2-7FCF75C27A2E}.Release|x64.ActiveCfg = Release|Any CPU
		{5B60E8A1-5148-4D66-90B2-7FCF75C27A2E}.Release|x64.Build.0 = Release|Any CPU
		{5B60E8A1-5148-4D66-90B2-7FCF75C27A2E}.Release|x86.ActiveCfg = Release|Any CPU
		{5B60E8A1-5148-4D66-90B2-7FCF75C27A2E}.Release|x86.Build.0 = Release|Any CPU
		{A6E68599-D8EC-4DB8-B112-B238DC0791D8}.Debug|Any CPU.ActiveCfg = Debug|Any CPU
		{A6E68599-D8EC-4DB8-B112-B238DC0791D8}.Debug|Any CPU.Build.0 = Debug|Any CPU
		{A6E68599-D8EC-4DB8-B112-B238DC0791D8}.Debug|x64.ActiveCfg = Debug|Any CPU
		{A6E68599-D8EC-4DB8-B112-B238DC0791D8}.Debug|x64.Build.0 = Debug|Any CPU
		{A6E68599-D8EC-4DB8-B112-B238DC0791D8}.Debug|x86.ActiveCfg = Debug|Any CPU
		{A6E68599-D8EC-4DB8-B112-B238DC0791D8}.Debug|x86.Build.0 = Debug|Any CPU
		{A6E68599-D8EC-4DB8-B112-B238DC0791D8}.Release|Any CPU.ActiveCfg = Release|Any CPU
		{A6E68599-D8EC-4DB8-B112-B238DC0791D8}.Release|Any CPU.Build.0 = Release|Any CPU
		{A6E68599-D8EC-4DB8-B112-B238DC0791D8}.Release|x64.ActiveCfg = Release|Any CPU
		{A6E68599-D8EC-4DB8-B112-B238DC0791D8}.Release|x64.Build.0 = Release|Any CPU
		{A6E68599-D8EC-4DB8-B112-B238DC0791D8}.Release|x86.ActiveCfg = Release|Any CPU
		{A6E68599-D8EC-4DB8-B112-B238DC0791D8}.Release|x86.Build.0 = Release|Any CPU
		{103EC9A9-D8AD-4D9B-9E2C-36D5770D2BA3}.Debug|Any CPU.ActiveCfg = Debug|Any CPU
		{103EC9A9-D8AD-4D9B-9E2C-36D5770D2BA3}.Debug|Any CPU.Build.0 = Debug|Any CPU
		{103EC9A9-D8AD-4D9B-9E2C-36D5770D2BA3}.Debug|x64.ActiveCfg = Debug|Any CPU
		{103EC9A9-D8AD-4D9B-9E2C-36D5770D2BA3}.Debug|x64.Build.0 = Debug|Any CPU
		{103EC9A9-D8AD-4D9B-9E2C-36D5770D2BA3}.Debug|x86.ActiveCfg = Debug|Any CPU
		{103EC9A9-D8AD-4D9B-9E2C-36D5770D2BA3}.Debug|x86.Build.0 = Debug|Any CPU
		{103EC9A9-D8AD-4D9B-9E2C-36D5770D2BA3}.Release|Any CPU.ActiveCfg = Release|Any CPU
		{103EC9A9-D8AD-4D9B-9E2C-36D5770D2BA3}.Release|Any CPU.Build.0 = Release|Any CPU
		{103EC9A9-D8AD-4D9B-9E2C-36D5770D2BA3}.Release|x64.ActiveCfg = Release|Any CPU
		{103EC9A9-D8AD-4D9B-9E2C-36D5770D2BA3}.Release|x64.Build.0 = Release|Any CPU
		{103EC9A9-D8AD-4D9B-9E2C-36D5770D2BA3}.Release|x86.ActiveCfg = Release|Any CPU
		{103EC9A9-D8AD-4D9B-9E2C-36D5770D2BA3}.Release|x86.Build.0 = Release|Any CPU
		{9B64C7D0-80DF-42B9-A48E-94EF19423704}.Debug|Any CPU.ActiveCfg = Debug|Any CPU
		{9B64C7D0-80DF-42B9-A48E-94EF19423704}.Debug|Any CPU.Build.0 = Debug|Any CPU
		{9B64C7D0-80DF-42B9-A48E-94EF19423704}.Debug|x64.ActiveCfg = Debug|Any CPU
		{9B64C7D0-80DF-42B9-A48E-94EF19423704}.Debug|x64.Build.0 = Debug|Any CPU
		{9B64C7D0-80DF-42B9-A48E-94EF19423704}.Debug|x86.ActiveCfg = Debug|Any CPU
		{9B64C7D0-80DF-42B9-A48E-94EF19423704}.Debug|x86.Build.0 = Debug|Any CPU
		{9B64C7D0-80DF-42B9-A48E-94EF19423704}.Release|Any CPU.ActiveCfg = Release|Any CPU
		{9B64C7D0-80DF-42B9-A48E-94EF19423704}.Release|Any CPU.Build.0 = Release|Any CPU
		{9B64C7D0-80DF-42B9-A48E-94EF19423704}.Release|x64.ActiveCfg = Release|Any CPU
		{9B64C7D0-80DF-42B9-A48E-94EF19423704}.Release|x64.Build.0 = Release|Any CPU
		{9B64C7D0-80DF-42B9-A48E-94EF19423704}.Release|x86.ActiveCfg = Release|Any CPU
		{9B64C7D0-80DF-42B9-A48E-94EF19423704}.Release|x86.Build.0 = Release|Any CPU
		{83C5BB52-130F-4EAF-B7C9-0406FE032623}.Debug|Any CPU.ActiveCfg = Debug|Any CPU
		{83C5BB52-130F-4EAF-B7C9-0406FE032623}.Debug|Any CPU.Build.0 = Debug|Any CPU
		{83C5BB52-130F-4EAF-B7C9-0406FE032623}.Debug|x64.ActiveCfg = Debug|Any CPU
		{83C5BB52-130F-4EAF-B7C9-0406FE032623}.Debug|x64.Build.0 = Debug|Any CPU
		{83C5BB52-130F-4EAF-B7C9-0406FE032623}.Debug|x86.ActiveCfg = Debug|Any CPU
		{83C5BB52-130F-4EAF-B7C9-0406FE032623}.Debug|x86.Build.0 = Debug|Any CPU
		{83C5BB52-130F-4EAF-B7C9-0406FE032623}.Release|Any CPU.ActiveCfg = Release|Any CPU
		{83C5BB52-130F-4EAF-B7C9-0406FE032623}.Release|Any CPU.Build.0 = Release|Any CPU
		{83C5BB52-130F-4EAF-B7C9-0406FE032623}.Release|x64.ActiveCfg = Release|Any CPU
		{83C5BB52-130F-4EAF-B7C9-0406FE032623}.Release|x64.Build.0 = Release|Any CPU
		{83C5BB52-130F-4EAF-B7C9-0406FE032623}.Release|x86.ActiveCfg = Release|Any CPU
		{83C5BB52-130F-4EAF-B7C9-0406FE032623}.Release|x86.Build.0 = Release|Any CPU
		{2DC9570A-1DA4-4D77-BC0F-CED14B192160}.Debug|Any CPU.ActiveCfg = Debug|Any CPU
		{2DC9570A-1DA4-4D77-BC0F-CED14B192160}.Debug|Any CPU.Build.0 = Debug|Any CPU
		{2DC9570A-1DA4-4D77-BC0F-CED14B192160}.Debug|x64.ActiveCfg = Debug|Any CPU
		{2DC9570A-1DA4-4D77-BC0F-CED14B192160}.Debug|x64.Build.0 = Debug|Any CPU
		{2DC9570A-1DA4-4D77-BC0F-CED14B192160}.Debug|x86.ActiveCfg = Debug|Any CPU
		{2DC9570A-1DA4-4D77-BC0F-CED14B192160}.Debug|x86.Build.0 = Debug|Any CPU
		{2DC9570A-1DA4-4D77-BC0F-CED14B192160}.Release|Any CPU.ActiveCfg = Release|Any CPU
		{2DC9570A-1DA4-4D77-BC0F-CED14B192160}.Release|Any CPU.Build.0 = Release|Any CPU
		{2DC9570A-1DA4-4D77-BC0F-CED14B192160}.Release|x64.ActiveCfg = Release|Any CPU
		{2DC9570A-1DA4-4D77-BC0F-CED14B192160}.Release|x64.Build.0 = Release|Any CPU
		{2DC9570A-1DA4-4D77-BC0F-CED14B192160}.Release|x86.ActiveCfg = Release|Any CPU
		{2DC9570A-1DA4-4D77-BC0F-CED14B192160}.Release|x86.Build.0 = Release|Any CPU
	EndGlobalSection
	GlobalSection(SolutionProperties) = preSolution
		HideSolutionNode = FALSE
	EndGlobalSection
	GlobalSection(NestedProjects) = preSolution
		{5B60E8A1-5148-4D66-90B2-7FCF75C27A2E} = {827E0CD3-B72D-47B6-A68D-7590B98EB39B}
		{A6E68599-D8EC-4DB8-B112-B238DC0791D8} = {827E0CD3-B72D-47B6-A68D-7590B98EB39B}
		{103EC9A9-D8AD-4D9B-9E2C-36D5770D2BA3} = {0E451F77-74BF-4D11-968C-D7F7C19B2B3A}
		{9B64C7D0-80DF-42B9-A48E-94EF19423704} = {0E451F77-74BF-4D11-968C-D7F7C19B2B3A}
		{2DC9570A-1DA4-4D77-BC0F-CED14B192160} = {07C2787E-EAC7-C090-1BA3-A61EC2A24D84}
	EndGlobalSection
EndGlobal
